# THIS IS AN AUTOGENERATED FILE. DO NOT EDIT THIS FILE DIRECTLY.
# yarn lockfile v1


"@types/minilog@^2.0.29":
  version "2.0.29"
  resolved "https://registry.yarnpkg.com/@types/minilog/-/minilog-2.0.29.tgz#ab192157e4e19c03ad858481b73eb6224a3209db"
  integrity sha1-qxkhV+ThnAOthYSBtz62IkoyCds=

microee@0.0.6:
  version "0.0.6"
  resolved "https://registry.yarnpkg.com/microee/-/microee-0.0.6.tgz#a12bdb0103681e8b126a9b071eba4c467c78fffe"
  integrity sha1-oSvbAQNoHosSapsHHrpMRnx4//4=

minilog@^3.1.0:
  version "3.1.0"
  resolved "https://registry.yarnpkg.com/minilog/-/minilog-3.1.0.tgz#d2d0f1887ca363d1acf0ea86d5c4df293b3fb675"
  integrity sha1-0tDxiHyjY9Gs8OqG1cTfKTs/tnU=
  dependencies:
    microee "0.0.6"
